
Microsoft Visual Studio Solution File, Format Version 12.00
# Visual Studio Version 17
VisualStudioVersion = 17.1.32210.238
MinimumVisualStudioVersion = 10.0.40219.1
Project("{FAE04EC0-301F-11D3-BF4B-00C04F79EFBC}") = "Calculadora IMC", "Calculadora IMC\Calculadora IMC.csproj", "{9B92646B-5967-4D9A-B6F8-7E761B4EF913}"
EndProject
Global
	GlobalSection(SolutionConfigurationPlatforms) = preSolution
		Debug|Any CPU = Debug|Any CPU
		Release|Any CPU = Release|Any CPU
	EndGlobalSection
	GlobalSection(ProjectConfigurationPlatforms) = postSolution
		{9B92646B-5967-4D9A-B6F8-7E761B4EF913}.Debug|Any CPU.ActiveCfg = Debug|Any CPU
		{9B92646B-5967-4D9A-B6F8-7E761B4EF913}.Debug|Any CPU.Build.0 = Debug|Any CPU
		{9B92646B-5967-4D9A-B6F8-7E761B4EF913}.Release|Any CPU.ActiveCfg = Release|Any CPU
		{9B92646B-5967-4D9A-B6F8-7E761B4EF913}.Release|Any CPU.Build.0 = Release|Any CPU
	EndGlobalSection
	GlobalSection(SolutionProperties) = preSolution
		HideSolutionNode = FALSE
	EndGlobalSection
	GlobalSection(ExtensibilityGlobals) = postSolution
		SolutionGuid = {25219709-6DDE-45EF-8732-D1881411BD10}
	EndGlobalSection
EndGlobal
